
Microsoft Visual Studio Solution File, Format Version 12.00
# Visual Studio Version 16
VisualStudioVersion = 16.0.30011.22
MinimumVisualStudioVersion = 10.0.40219.1
Project("{9A19103F-16F7-4668-BE54-9A1E7A4F7556}") = "WWWTCHttpClientOriginal", "WWWTCHttpClientOriginal\WWWTCHttpClientOriginal.csproj", "{0A661337-0562-48B4-9BD8-2D003F63B464}"
EndProject
Project("{9A19103F-16F7-4668-BE54-9A1E7A4F7556}") = "WWWTCHttpClientFixed", "WWWTCHttpClientFixed\WWWTCHttpClientFixed.csproj", "{6A24F567-660A-4934-9396-F86BEAE611C8}"
EndProject
Project("{9A19103F-16F7-4668-BE54-9A1E7A4F7556}") = "WorkOrderService", "WorkOrderService\WorkOrderService.csproj", "{283D476A-C114-42CE-9326-4B2EDBA04D37}"
EndProject
Project("{2150E333-8FDC-42A3-9474-1A3956D46DE8}") = "Solution Items", "Solution Items", "{80D39D5C-3094-42FF-9476-90EA80F107C3}"
	ProjectSection(SolutionItems) = preProject
		.editorconfig = .editorconfig
	EndProjectSection
EndProject
Global
	GlobalSection(SolutionConfigurationPlatforms) = preSolution
		Debug|Any CPU = Debug|Any CPU
		Release|Any CPU = Release|Any CPU
	EndGlobalSection
	GlobalSection(ProjectConfigurationPlatforms) = postSolution
		{0A661337-0562-48B4-9BD8-2D003F63B464}.Debug|Any CPU.ActiveCfg = Debug|Any CPU
		{0A661337-0562-48B4-9BD8-2D003F63B464}.Debug|Any CPU.Build.0 = Debug|Any CPU
		{0A661337-0562-48B4-9BD8-2D003F63B464}.Release|Any CPU.ActiveCfg = Release|Any CPU
		{0A661337-0562-48B4-9BD8-2D003F63B464}.Release|Any CPU.Build.0 = Release|Any CPU
		{6A24F567-660A-4934-9396-F86BEAE611C8}.Debug|Any CPU.ActiveCfg = Debug|Any CPU
		{6A24F567-660A-4934-9396-F86BEAE611C8}.Debug|Any CPU.Build.0 = Debug|Any CPU
		{6A24F567-660A-4934-9396-F86BEAE611C8}.Release|Any CPU.ActiveCfg = Release|Any CPU
		{6A24F567-660A-4934-9396-F86BEAE611C8}.Release|Any CPU.Build.0 = Release|Any CPU
		{283D476A-C114-42CE-9326-4B2EDBA04D37}.Debug|Any CPU.ActiveCfg = Debug|Any CPU
		{283D476A-C114-42CE-9326-4B2EDBA04D37}.Debug|Any CPU.Build.0 = Debug|Any CPU
		{283D476A-C114-42CE-9326-4B2EDBA04D37}.Release|Any CPU.ActiveCfg = Release|Any CPU
		{283D476A-C114-42CE-9326-4B2EDBA04D37}.Release|Any CPU.Build.0 = Release|Any CPU
	EndGlobalSection
	GlobalSection(SolutionProperties) = preSolution
		HideSolutionNode = FALSE
	EndGlobalSection
	GlobalSection(ExtensibilityGlobals) = postSolution
		SolutionGuid = {B8CAD1D0-CBDE-409F-A18D-66706FC2956B}
	EndGlobalSection
EndGlobal
